
Microsoft Visual Studio Solution File, Format Version 12.00
# Visual Studio Version 16
VisualStudioVersion = 16.0.30104.148
MinimumVisualStudioVersion = 10.0.40219.1
Project("{9A19103F-16F7-4668-BE54-9A1E7A4F7556}") = "Sundew.Generator", "Sundew.Generator\Sundew.Generator.csproj", "{E59DDD7D-D3DA-4C24-AC1A-4A001E10A756}"
EndProject
Project("{9A19103F-16F7-4668-BE54-9A1E7A4F7556}") = "Sundew.Generator.MSBuild", "Sundew.Generator.MSBuild\Sundew.Generator.MSBuild.csproj", "{CCDCD85B-8A9E-475B-9DB4-AA1DEEC2C942}"
EndProject
Project("{9A19103F-16F7-4668-BE54-9A1E7A4F7556}") = "Sundew.Generator.Tests", "Sundew.Generator.Tests\Sundew.Generator.Tests.csproj", "{F06D9E03-0E41-4508-B84E-410305821C5A}"
EndProject
Project("{9A19103F-16F7-4668-BE54-9A1E7A4F7556}") = "Sundew.Generator.CodeAnalysis.MSBuildWorkspace", "Sundew.Generator.CodeAnalysis.MSBuildWorkspace\Sundew.Generator.CodeAnalysis.MSBuildWorkspace.csproj", "{8B628E3D-C05F-4725-91FB-B95BE0EC5D89}"
EndProject
Project("{9A19103F-16F7-4668-BE54-9A1E7A4F7556}") = "Sundew.Generator.Code", "Sundew.Generator.Code\Sundew.Generator.Code.csproj", "{6BCBB36B-497B-4EB0-8FE8-FA298C4B4542}"
EndProject
Project("{9A19103F-16F7-4668-BE54-9A1E7A4F7556}") = "Sundew.Generator.Code.MSBuild", "Sundew.Generator.Code.MSBuild\Sundew.Generator.Code.MSBuild.csproj", "{B07D0D1D-CF0C-476B-B9E8-F51E3FE0823D}"
EndProject
Project("{9A19103F-16F7-4668-BE54-9A1E7A4F7556}") = "Sundew.Generator.Code.Tests", "Sundew.Generator.Code.Tests\Sundew.Generator.Code.Tests.csproj", "{3E83E3C4-43DC-417F-BE36-5AB293C8D91D}"
EndProject
Project("{9A19103F-16F7-4668-BE54-9A1E7A4F7556}") = "Sundew.Generator.AcceptanceTests", "Sundew.Generator.AcceptanceTests\Sundew.Generator.AcceptanceTests.csproj", "{150FF45B-5462-416C-8458-0274AE210116}"
EndProject
Project("{2150E333-8FDC-42A3-9474-1A3956D46DE8}") = "Solution Items", "Solution Items", "{FDC6EC36-5FAD-4FEF-A612-F7479BE4A7D9}"
	ProjectSection(SolutionItems) = preProject
		..\azure-pipelines.yml = ..\azure-pipelines.yml
		Directory.Build.props = Directory.Build.props
	EndProjectSection
EndProject
Global
	GlobalSection(SolutionConfigurationPlatforms) = preSolution
		Debug|Any CPU = Debug|Any CPU
		Release|Any CPU = Release|Any CPU
	EndGlobalSection
	GlobalSection(ProjectConfigurationPlatforms) = postSolution
		{E59DDD7D-D3DA-4C24-AC1A-4A001E10A756}.Debug|Any CPU.ActiveCfg = Debug|Any CPU
		{E59DDD7D-D3DA-4C24-AC1A-4A001E10A756}.Debug|Any CPU.Build.0 = Debug|Any CPU
		{E59DDD7D-D3DA-4C24-AC1A-4A001E10A756}.Release|Any CPU.ActiveCfg = Release|Any CPU
		{E59DDD7D-D3DA-4C24-AC1A-4A001E10A756}.Release|Any CPU.Build.0 = Release|Any CPU
		{CCDCD85B-8A9E-475B-9DB4-AA1DEEC2C942}.Debug|Any CPU.ActiveCfg = Debug|Any CPU
		{CCDCD85B-8A9E-475B-9DB4-AA1DEEC2C942}.Debug|Any CPU.Build.0 = Debug|Any CPU
		{CCDCD85B-8A9E-475B-9DB4-AA1DEEC2C942}.Release|Any CPU.ActiveCfg = Release|Any CPU
		{CCDCD85B-8A9E-475B-9DB4-AA1DEEC2C942}.Release|Any CPU.Build.0 = Release|Any CPU
		{F06D9E03-0E41-4508-B84E-410305821C5A}.Debug|Any CPU.ActiveCfg = Debug|Any CPU
		{F06D9E03-0E41-4508-B84E-410305821C5A}.Debug|Any CPU.Build.0 = Debug|Any CPU
		{F06D9E03-0E41-4508-B84E-410305821C5A}.Release|Any CPU.ActiveCfg = Release|Any CPU
		{F06D9E03-0E41-4508-B84E-410305821C5A}.Release|Any CPU.Build.0 = Release|Any CPU
		{8B628E3D-C05F-4725-91FB-B95BE0EC5D89}.Debug|Any CPU.ActiveCfg = Debug|Any CPU
		{8B628E3D-C05F-4725-91FB-B95BE0EC5D89}.Debug|Any CPU.Build.0 = Debug|Any CPU
		{8B628E3D-C05F-4725-91FB-B95BE0EC5D89}.Release|Any CPU.ActiveCfg = Release|Any CPU
		{8B628E3D-C05F-4725-91FB-B95BE0EC5D89}.Release|Any CPU.Build.0 = Release|Any CPU
		{6BCBB36B-497B-4EB0-8FE8-FA298C4B4542}.Debug|Any CPU.ActiveCfg = Debug|Any CPU
		{6BCBB36B-497B-4EB0-8FE8-FA298C4B4542}.Debug|Any CPU.Build.0 = Debug|Any CPU
		{6BCBB36B-497B-4EB0-8FE8-FA298C4B4542}.Release|Any CPU.ActiveCfg = Release|Any CPU
		{6BCBB36B-497B-4EB0-8FE8-FA298C4B4542}.Release|Any CPU.Build.0 = Release|Any CPU
		{B07D0D1D-CF0C-476B-B9E8-F51E3FE0823D}.Debug|Any CPU.ActiveCfg = Debug|Any CPU
		{B07D0D1D-CF0C-476B-B9E8-F51E3FE0823D}.Debug|Any CPU.Build.0 = Debug|Any CPU
		{B07D0D1D-CF0C-476B-B9E8-F51E3FE0823D}.Release|Any CPU.ActiveCfg = Release|Any CPU
		{B07D0D1D-CF0C-476B-B9E8-F51E3FE0823D}.Release|Any CPU.Build.0 = Release|Any CPU
		{3E83E3C4-43DC-417F-BE36-5AB293C8D91D}.Debug|Any CPU.ActiveCfg = Debug|Any CPU
		{3E83E3C4-43DC-417F-BE36-5AB293C8D91D}.Debug|Any CPU.Build.0 = Debug|Any CPU
		{3E83E3C4-43DC-417F-BE36-5AB293C8D91D}.Release|Any CPU.ActiveCfg = Release|Any CPU
		{3E83E3C4-43DC-417F-BE36-5AB293C8D91D}.Release|Any CPU.Build.0 = Release|Any CPU
		{150FF45B-5462-416C-8458-0274AE210116}.Debug|Any CPU.ActiveCfg = Debug|Any CPU
		{150FF45B-5462-416C-8458-0274AE210116}.Debug|Any CPU.Build.0 = Debug|Any CPU
		{150FF45B-5462-416C-8458-0274AE210116}.Release|Any CPU.ActiveCfg = Release|Any CPU
		{150FF45B-5462-416C-8458-0274AE210116}.Release|Any CPU.Build.0 = Release|Any CPU
	EndGlobalSection
	GlobalSection(SolutionProperties) = preSolution
		HideSolutionNode = FALSE
	EndGlobalSection
	GlobalSection(ExtensibilityGlobals) = postSolution
		SolutionGuid = {82B42A88-4607-43EB-9572-765A192F54AF}
	EndGlobalSection
EndGlobal
